
Microsoft Visual Studio Solution File, Format Version 12.00
# Visual Studio Version 16
VisualStudioVersion = 16.0.30621.155
MinimumVisualStudioVersion = 10.0.40219.1
Project("{9A19103F-16F7-4668-BE54-9A1E7A4F7556}") = "NES20HeaderRepair", "NES20HeaderRepair\NES20HeaderRepair.csproj", "{0404FB6B-699C-49B3-BA8E-6494F2898F33}"
EndProject
Project("{9A19103F-16F7-4668-BE54-9A1E7A4F7556}") = "NES20XML", "..\..\NES20XML\NES20XML\NES20XML.csproj", "{593AFE6A-31C6-4C16-AE4B-863EDEB4AD89}"
EndProject
Global
	GlobalSection(SolutionConfigurationPlatforms) = preSolution
		Debug|Any CPU = Debug|Any CPU
		Release|Any CPU = Release|Any CPU
	EndGlobalSection
	GlobalSection(ProjectConfigurationPlatforms) = postSolution
		{0404FB6B-699C-49B3-BA8E-6494F2898F33}.Debug|Any CPU.ActiveCfg = Debug|Any CPU
		{0404FB6B-699C-49B3-BA8E-6494F2898F33}.Debug|Any CPU.Build.0 = Debug|Any CPU
		{0404FB6B-699C-49B3-BA8E-6494F2898F33}.Release|Any CPU.ActiveCfg = Release|Any CPU
		{0404FB6B-699C-49B3-BA8E-6494F2898F33}.Release|Any CPU.Build.0 = Release|Any CPU
		{593AFE6A-31C6-4C16-AE4B-863EDEB4AD89}.Debug|Any CPU.ActiveCfg = Debug|Any CPU
		{593AFE6A-31C6-4C16-AE4B-863EDEB4AD89}.Debug|Any CPU.Build.0 = Debug|Any CPU
		{593AFE6A-31C6-4C16-AE4B-863EDEB4AD89}.Release|Any CPU.ActiveCfg = Release|Any CPU
		{593AFE6A-31C6-4C16-AE4B-863EDEB4AD89}.Release|Any CPU.Build.0 = Release|Any CPU
	EndGlobalSection
	GlobalSection(SolutionProperties) = preSolution
		HideSolutionNode = FALSE
	EndGlobalSection
	GlobalSection(ExtensibilityGlobals) = postSolution
		SolutionGuid = {FA77D416-279E-4A09-8D5B-9B62288DE602}
	EndGlobalSection
EndGlobal
